<?xml version="1.0" encoding="utf-8"?>
<Project ToolsVersion="4.0" xmlns="http://schemas.microsoft.com/developer/msbuild/2003">
  <ItemGroup>
    <Filter Include="src">
      <UniqueIdentifier>{e785599f-4003-45d0-9288-408aebbc5260}</UniqueIdentifier>
    </Filter>
    <Filter Include="src\Yuicy">
      <UniqueIdentifier>{34b868f9-5e0b-4c28-811a-3317952602da}</UniqueIdentifier>
    </Filter>
    <Filter Include="src\Yuicy\Events">
      <UniqueIdentifier>{6cb41e09-3f3c-47c5-a19b-4727320e7fc9}</UniqueIdentifier>
    </Filter>
    <Filter Include="src\Yuicy\Core">
      <UniqueIdentifier>{28fc8120-e698-40e6-aad8-86541407e0d7}</UniqueIdentifier>
    </Filter>
  </ItemGroup>
  <ItemGroup>
    <ClInclude Include="src\Yuicy.h">
      <Filter>src</Filter>
    </ClInclude>
    <ClInclude Include="src\Yuicy\Events\ApplicationEvent.h">
      <Filter>src\Yuicy\Events</Filter>
    </ClInclude>
    <ClInclude Include="src\Yuicy\Events\Event.h">
      <Filter>src\Yuicy\Events</Filter>
    </ClInclude>
    <ClInclude Include="src\Yuicy\Events\KeyEvent.h">
      <Filter>src\Yuicy\Events</Filter>
    </ClInclude>
    <ClInclude Include="src\Yuicy\Events\MouseEvent.h">
      <Filter>src\Yuicy\Events</Filter>
    </ClInclude>
    <ClInclude Include="src\Yuicy\Core\Application.h">
      <Filter>src\Yuicy\Core</Filter>
    </ClInclude>
    <ClInclude Include="src\Yuicy\Core\Base.h">
      <Filter>src\Yuicy\Core</Filter>
    </ClInclude>
    <ClInclude Include="src\Yuicy\Core\Core.h">
      <Filter>src\Yuicy\Core</Filter>
    </ClInclude>
    <ClInclude Include="src\Yuicy\Core\EntryPoint.h">
      <Filter>src\Yuicy\Core</Filter>
    </ClInclude>
    <ClInclude Include="src\Yuicy\Core\Log.h">
      <Filter>src\Yuicy\Core</Filter>
    </ClInclude>
    <ClInclude Include="src\Yuicy\Core\KeyCodes.h">
      <Filter>src\Yuicy\Core</Filter>
    </ClInclude>
    <ClInclude Include="src\Yuicy\Core\MouseCodes.h">
      <Filter>src\Yuicy\Core</Filter>
    </ClInclude>
  </ItemGroup>
  <ItemGroup>
    <ClCompile Include="src\Yuicy\Core\Application.cpp">
      <Filter>src\Yuicy\Core</Filter>
    </ClCompile>
    <ClCompile Include="src\Yuicy\Core\Log.cpp">
      <Filter>src\Yuicy\Core</Filter>
    </ClCompile>
  </ItemGroup>
</Project>